schema_version: 1
generated_at: 2026-07-25T17:10:40Z
entries:
- path: crates/vds-proof/src/composition.rs
  digest: sha256:f0265e72bed6a05c7f524a93e2aad3990739fd48208699032ccb0413d323a078
  kind: proof_script
  invoked_by:
  - surface: ci_workflow
    reference: .github/workflows/vds-enforce.yml job:enforce step:Proofs
    blocking: true
  - surface: package_script
    reference: make gates
    blocking: true
  proves:
  - composition
  failing_direction_test:
    path: crates/vds-proof/src/composition.rs
    test_name: composition_fails_on_an_unregistered_component
    seeds: a screen importing a governed component with no register record
  pinned_at: 2026-07-25T13:58:22Z
  pinned_by: jellytot
- path: crates/vds-proof/src/contrast.rs
  digest: sha256:1f445750337175697720222d6ec78afed41ac5f637589fd11fc38ca9a7422ae9
  kind: proof_script
  invoked_by:
  - surface: ci_workflow
    reference: .github/workflows/vds-enforce.yml job:enforce step:Proofs
    blocking: true
  - surface: package_script
    reference: make gates
    blocking: true
  proves:
  - contrast
  failing_direction_test:
    path: crates/vds-proof/src/contrast.rs
    test_name: contrast_fails_on_a_boundary_below_its_floor_in_one_theme
    seeds: a boundary that clears its floor in one theme and falls below it in another
  pinned_at: 2026-07-25T17:10:40Z
  pinned_by: jellytot
  supersedes_digest: sha256:cb7d188e20124fba772d9a5f84a77d4d1d00fa6e62fce376c2da3006b81f66a5
  relock_rationale: 'Adversarial review found all three new gates unsound; four criticals and five highs are closed. contrast: unclassified_palette_scopes returned empty on a sheet with no :root, so R6 was structurally dead and a palette nothing measured passed at exit 0 (the founding defect through the gate written to catch it); the redactor covered three of six realisation shapes and redacted only a colour function''s head; two findings named the default stylesheet rather than the one read. parity: an extends/intersection props type reported a SUBSET as complete, so R6 fired on inherited props or credited the row as enforced. token_pin: the redaction screen closed hex and left base64 open, the locator was never screened, the evidence digest was keyed on pin.id (which carries generated_at), coverage was reported before the currency check, and Store::read_pins never refused an unreadable entry.'
- path: crates/vds-proof/src/ledger_staleness.rs
  digest: sha256:a72abd79274246e9b3b35f66d05eac15495d74bd4cb7c912adda92089e5fcdde
  kind: proof_script
  invoked_by:
  - surface: ci_workflow
    reference: .github/workflows/vds-enforce.yml job:enforce step:Proofs
    blocking: true
  - surface: package_script
    reference: make gates
    blocking: true
  proves:
  - ledger_staleness
  failing_direction_test:
    path: crates/vds-proof/src/ledger_staleness.rs
    test_name: ledger_staleness_fails_on_a_stale_screens_ledger
    seeds: a screen edited after the ledger was generated
  pinned_at: 2026-07-25T13:58:22Z
  pinned_by: jellytot
- path: crates/vds-proof/src/no_stored_values.rs
  digest: sha256:09d3675cb7df56e57e39fce8f1f76b7becdc4280c56725fe350bba6924574d85
  kind: proof_script
  invoked_by:
  - surface: ci_workflow
    reference: .github/workflows/vds-enforce.yml job:enforce step:Proofs
    blocking: true
  - surface: package_script
    reference: make gates
    blocking: true
  proves:
  - no_stored_values
  failing_direction_test:
    path: crates/vds-proof/src/no_stored_values.rs
    test_name: no_stored_values_fails_on_a_hex_colour_in_a_register_record
    seeds: a hex colour literal written into a register record
  pinned_at: 2026-07-25T17:10:40Z
  pinned_by: jellytot
  supersedes_digest: sha256:3436e78174fd5dceb6241756eb8fc8117cd52959595c7d825f81893085cf1fd5
  relock_rationale: 'Adversarial review found all three new gates unsound; four criticals and five highs are closed. contrast: unclassified_palette_scopes returned empty on a sheet with no :root, so R6 was structurally dead and a palette nothing measured passed at exit 0 (the founding defect through the gate written to catch it); the redactor covered three of six realisation shapes and redacted only a colour function''s head; two findings named the default stylesheet rather than the one read. parity: an extends/intersection props type reported a SUBSET as complete, so R6 fired on inherited props or credited the row as enforced. token_pin: the redaction screen closed hex and left base64 open, the locator was never screened, the evidence digest was keyed on pin.id (which carries generated_at), coverage was reported before the currency check, and Store::read_pins never refused an unreadable entry.'
- path: crates/vds-proof/src/parity.rs
  digest: sha256:9dadcd9348d04991c08f76eba93a61c73672950fe2e3c5a081442819aa6a6201
  kind: proof_script
  invoked_by:
  - surface: ci_workflow
    reference: .github/workflows/vds-enforce.yml job:enforce step:Proofs
    blocking: true
  - surface: package_script
    reference: make gates
    blocking: true
  proves:
  - parity
  failing_direction_test:
    path: crates/vds-proof/src/parity.rs
    test_name: parity_fails_on_a_prop_the_component_accepts_that_no_contract_names
    seeds: a prop the component source exposes that no register record contracts, which is how a component drifts out from under its contract without anything being removed
  pinned_at: 2026-07-25T17:10:40Z
  pinned_by: jellytot
  supersedes_digest: sha256:e28dfbc185d4ae14129dbcf06642dd647935880fe103bde7c5d99e07bd92843a
  relock_rationale: 'Adversarial review found all three new gates unsound; four criticals and five highs are closed. contrast: unclassified_palette_scopes returned empty on a sheet with no :root, so R6 was structurally dead and a palette nothing measured passed at exit 0 (the founding defect through the gate written to catch it); the redactor covered three of six realisation shapes and redacted only a colour function''s head; two findings named the default stylesheet rather than the one read. parity: an extends/intersection props type reported a SUBSET as complete, so R6 fired on inherited props or credited the row as enforced. token_pin: the redaction screen closed hex and left base64 open, the locator was never screened, the evidence digest was keyed on pin.id (which carries generated_at), coverage was reported before the currency check, and Store::read_pins never refused an unreadable entry.'
- path: crates/vds-proof/src/preimage.rs
  digest: sha256:fcfcab1fcbed2616823fa040d824fa45819ae9f28a4745a39b345f9099d7d720
  kind: proof_script
  invoked_by:
  - surface: ci_workflow
    reference: .github/workflows/vds-enforce.yml job:enforce step:Proofs
    blocking: true
  - surface: package_script
    reference: make gates
    blocking: true
  proves:
  - no_stored_values
  failing_direction_test:
    path: crates/vds-proof/src/preimage.rs
    test_name: the_recovery_that_broke_the_first_pin_is_the_recovery_this_gate_runs
    seeds: the sha256 of a hex colour, a length, a duration, an easing keyword and a generic font family, each of which must be recovered from its digest, alongside fifteen digests VDS writes itself which must not be
  pinned_at: 2026-07-25T14:57:58Z
  pinned_by: jellytot
  supersedes_digest: sha256:0000000000000000000000000000000000000000000000000000000000000000
  relock_rationale: 'R10: the preimage limb of VDS S-2(8) limb 2 is now discharged. no_stored_values.rs gains rule R10 and a rewritten PREIMAGE_NOTE; crates/vds-proof/src/preimage.rs is a new gate and is pinned for the first time, since the logic deciding what counts as a recovered design value lives there and an unwitnessed gate can be weakened without tripping a finding. Recorded at .vds/logs/decisions/DECISION-0003.yaml (VDS S-8(4), S-12(3)).'
- path: crates/vds-proof/src/reconciliation.rs
  digest: sha256:41310adbc73c2d0cff2a649ecd96dfa4b6057a29dbe51e653f9d6e0a18b602b3
  kind: proof_script
  invoked_by:
  - surface: ci_workflow
    reference: .github/workflows/vds-enforce.yml job:enforce step:Proofs
    blocking: true
  - surface: package_script
    reference: make gates
    blocking: true
  proves:
  - reconciliation
  failing_direction_test:
    path: crates/vds-proof/src/reconciliation.rs
    test_name: reconciliation_fails_on_a_library_file_with_no_register_entry
    seeds: a component file in a governed library directory that no register record names
  pinned_at: 2026-07-25T13:58:22Z
  pinned_by: jellytot
- path: crates/vds-proof/src/register_completeness.rs
  digest: sha256:8213cdbcaf6a491c2b16dc8fdb263e27985abc6fe49431fbd8cf7a295cc866d4
  kind: proof_script
  invoked_by:
  - surface: ci_workflow
    reference: .github/workflows/vds-enforce.yml job:enforce step:Proofs
    blocking: true
  - surface: package_script
    reference: make gates
    blocking: true
  proves:
  - register_completeness
  failing_direction_test:
    path: crates/vds-proof/src/register_completeness.rs
    test_name: register_completeness_fails_on_a_component_absent_from_the_register
    seeds: a screen referencing a component absent from the register
  pinned_at: 2026-07-25T13:58:22Z
  pinned_by: jellytot
- path: crates/vds-proof/src/retirement_drain.rs
  digest: sha256:7acb93f167f73a0d026b3cce96c286c2bc4e2bc68768c36ecb8ef24f69f24af4
  kind: proof_script
  invoked_by:
  - surface: ci_workflow
    reference: .github/workflows/vds-enforce.yml job:enforce step:Proofs
    blocking: true
  - surface: package_script
    reference: make gates
    blocking: true
  proves:
  - retirement_drain
  failing_direction_test:
    path: crates/vds-proof/src/retirement_drain.rs
    test_name: retirement_drain_fails_on_a_remaining_consumer
    seeds: a deprecated component still rendered by a route
  pinned_at: 2026-07-25T13:58:22Z
  pinned_by: jellytot
- path: crates/vds-proof/src/states.rs
  digest: sha256:d6943a67433170577546ae3b18e607b51ed3cab32d96b3a46dad27b6f5000ee9
  kind: proof_script
  invoked_by:
  - surface: ci_workflow
    reference: .github/workflows/vds-enforce.yml job:enforce step:Proofs
    blocking: true
  - surface: package_script
    reference: make gates
    blocking: true
  proves:
  - states
  failing_direction_test:
    path: crates/vds-proof/src/states.rs
    test_name: states_fails_on_a_required_state_that_is_not_drawn
    seeds: a registered component with a required state that is not drawn
  pinned_at: 2026-07-25T13:58:22Z
  pinned_by: jellytot
- path: crates/vds-proof/src/token_pin.rs
  digest: sha256:54c2b103109fcba5eac3eee0933b8207421faee10a29058d2c1d58ad88df39e9
  kind: proof_script
  invoked_by:
  - surface: ci_workflow
    reference: .github/workflows/vds-enforce.yml job:enforce step:Proofs
    blocking: true
  - surface: package_script
    reference: make gates
    blocking: true
  proves:
  - token_pin
  failing_direction_test:
    path: crates/vds-proof/src/token_pin.rs
    test_name: token_pin_fails_on_a_row_the_pin_declares_aligned_that_does_not_agree
    seeds: a pin row the pin declares aligned whose two named records do not agree
  pinned_at: 2026-07-25T17:10:40Z
  pinned_by: jellytot
  supersedes_digest: sha256:6ab1121588fe85ac187c06962a7b03e553c86117d8145565e4f646cbeb3b4d61
  relock_rationale: 'Adversarial review found all three new gates unsound; four criticals and five highs are closed. contrast: unclassified_palette_scopes returned empty on a sheet with no :root, so R6 was structurally dead and a palette nothing measured passed at exit 0 (the founding defect through the gate written to catch it); the redactor covered three of six realisation shapes and redacted only a colour function''s head; two findings named the default stylesheet rather than the one read. parity: an extends/intersection props type reported a SUBSET as complete, so R6 fired on inherited props or credited the row as enforced. token_pin: the redaction screen closed hex and left base64 open, the locator was never screened, the evidence digest was keyed on pin.id (which carries generated_at), coverage was reported before the currency check, and Store::read_pins never refused an unreadable entry.'
- path: crates/vds-scan/src/glob.rs
  digest: sha256:ab8189e8d4d8e56cfbf0a4eca9d738b3c13438ae190ad6179e057368ceea40d3
  kind: ledger_generator
  invoked_by:
  - surface: ci_workflow
    reference: .github/workflows/vds-enforce.yml job:enforce step:Regenerate the declared surface
    blocking: true
  proves:
  - ledger_staleness
  failing_direction_test:
    path: crates/vds-scan/src/glob.rs
    test_name: a_pattern_this_matcher_cannot_read_is_refused
    seeds: a brace or character-class glob the matcher does not implement and must refuse rather than half-match
  pinned_at: 2026-07-25T14:28:57Z
  pinned_by: jellytot
- path: crates/vds-scan/src/jsx.rs
  digest: sha256:6b4c0ee4c5707cab80ea38d023cf5185ed2e0446798912fe2f8a4bc766ecc17a
  kind: ledger_generator
  invoked_by:
  - surface: ci_workflow
    reference: .github/workflows/vds-enforce.yml job:enforce step:Regenerate the declared surface
    blocking: true
  proves:
  - ledger_staleness
  failing_direction_test:
    path: crates/vds-scan/src/jsx.rs
    test_name: a_generic_type_argument_is_not_a_tag
    seeds: a TypeScript generic argument that the scanner must not count as a component reference
  pinned_at: 2026-07-25T14:29:24Z
  pinned_by: jellytot
  supersedes_digest: sha256:c9dbbdcff535da936db134c187c51e377029f712df76302b42554c9e7712fcaf
  relock_rationale: rustfmt applied to the generic-argument test added in DECISION-0002; no logic change
- path: crates/vds-scan/src/lib.rs
  digest: sha256:18218d12c5ec737660fa53a8cb6aa36abf241243191666f7e0951c0da41aa34d
  kind: ledger_generator
  invoked_by:
  - surface: ci_workflow
    reference: .github/workflows/vds-enforce.yml job:enforce step:Regenerate the declared surface
    blocking: true
  proves:
  - ledger_staleness
  failing_direction_test:
    path: crates/vds-scan/src/lib.rs
    test_name: a_hand_edited_ledger_is_refused_even_though_its_sources_are_untouched
    seeds: a ledger row deleted by hand while its source files are untouched
  pinned_at: 2026-07-25T14:24:27Z
  pinned_by: jellytot
  supersedes_digest: sha256:1f18ed441ea487c5f629976a641ad6bfd1cf8435a26db45c44d3a295a6725e1b
  relock_rationale: added the vds-scan library module that backs `vds register import`; the gate this entry witnesses is unchanged and its failing-direction test still passes. Recorded at .vds/logs/decisions/DECISION-0001.yaml (VDS S-8(4), S-12(2)).
- path: crates/vds-store/src/lock.rs
  digest: sha256:54c7bb983fbfa44c99ea1c517c4bc624004872776e9b3f1c10a3a86529356f69
  kind: config
  invoked_by:
  - surface: ci_workflow
    reference: .github/workflows/vds-enforce.yml job:enforce step:Enforcement lock
    blocking: true
  proves:
  - no_stored_values
  failing_direction_test:
    path: crates/vds-store/src/lock.rs
    test_name: editing_a_pinned_gate_trips_a_fatal_drift_finding
    seeds: a pinned gate edited after it was pinned
  pinned_at: 2026-07-25T13:58:22Z
  pinned_by: jellytot
