schema_version: 1
generated_at: 2026-07-31T19:49:31Z
entries:
- path: crates/vds-cli/src/doctor.rs
  digest: sha256:91e6c44eb8b9a25b0474ae801918511ab67ad28abaeeb0ea0bf27fce5fbc1461
  kind: criteria_grader
  invoked_by:
  - surface: ci_workflow
    reference: .github/workflows/vds-enforce.yml job:enforce step:Test
    blocking: true
  - surface: ci_workflow
    reference: .github/workflows/vds-enforce.yml job:enforce step:Doctor
    blocking: false
  - surface: package_script
    reference: make doctor
    blocking: false
  proves: []
  failing_direction_test:
    path: crates/vds-cli/src/doctor.rs
    test_name: a_pass_over_zero_rows_is_still_a_vacuous_pass
    seeds: a proof record labelled passed over rows_enforced 0, which D3 once agreed was a pass
  pinned_at: 2026-07-31T19:49:31Z
  pinned_by: jellytot
  supersedes_digest: sha256:810d5634a364a5db5c63dc4ecdd8746b7a448ac2d4bcf43f82864cec69fb393b
  relock_rationale: 'The reserved-clause census in doctor.rs moves from five to four: S-9(10) was enacted from RESERVED by [2026] VJS-CC-VIBE-DESIGN-SYSTEM 5 and its statute text rewritten, so the parser correctly no longer reports it. The four remaining reserved clauses keep their markers; enacting them from their rulings is task #53.'
- path: crates/vds-cli/src/lock.rs
  digest: sha256:056a937bdacc8b2539624a618c39ca5bb6ec8b67d3119925cf417a185daefdcc
  kind: hook
  invoked_by:
  - surface: ci_workflow
    reference: .github/workflows/vds-enforce.yml job:enforce step:Enforcement lock
    blocking: true
  - surface: ci_workflow
    reference: .github/workflows/vds-enforce.yml job:enforce step:Test
    blocking: true
  proves: []
  failing_direction_test:
    path: crates/vds-cli/src/lock.rs
    test_name: a_renamed_step_unbinds_the_gate_and_is_reported
    seeds: a workflow step renamed from Test to Tests while every pinned digest still matches, which is the case the digest half of the lock cannot see
  pinned_at: 2026-07-31T18:47:59Z
  pinned_by: jellytot
  supersedes_digest: sha256:c5ae0f9bade970f4caddbcbcf156d0701486858db46a611714cff328a0adc7e0
  relock_rationale: 'Implement [2026] VJS-CC-VIBE-DESIGN-SYSTEM 1: D2 evaluates by seat. doctor.rs gains the subscriber seat (released_binary pin verified by digest, provenance required, NOT CHECKED with the missing link named when absent); lock.rs admits kind released_binary with empty proves (it runs all kinds, it is not one) and a --provenance flag; the lock schema gains the optional provenance field. The failing direction (a replaced binary reads UNMET) is proven with green-first plus a landed-seed assertion.'
- path: crates/vds-proof/src/composition.rs
  digest: sha256:20bf333373f07d872632d50c67a66cc43794ae8ac88a4d397b78b43c6c7fe328
  kind: proof_script
  invoked_by:
  - surface: ci_workflow
    reference: .github/workflows/vds-enforce.yml job:enforce step:Proofs
    blocking: true
  - surface: package_script
    reference: make gates
    blocking: true
  proves:
  - composition
  failing_direction_test:
    path: crates/vds-proof/src/composition.rs
    test_name: composition_fails_on_an_unregistered_component
    seeds: a screen importing a governed component with no register record
  pinned_at: 2026-07-31T19:46:24Z
  pinned_by: jellytot
  supersedes_digest: sha256:f0265e72bed6a05c7f524a93e2aad3990739fd48208699032ccb0413d323a078
  relock_rationale: 'Implement [2026] VJS-CC-VIBE-DESIGN-SYSTEM 5 D2 (task #49): composition gains R4 and the enumerated primitive floor BELOW_THE_FLOOR, held in this gate source so a change to the set is itself a re-pin. Interactive elements above the floor fail by name unless named in [surface] element_carveouts, every carve-out use counted and reported per site. The run printer gains the INFORMATIONAL section that inform() call sites always promised - recorded findings were never printed. Both failing directions, the carve-out path and the below-floor negative control are seeded in the gate tests.'
- path: crates/vds-proof/src/contrast.rs
  digest: sha256:1f445750337175697720222d6ec78afed41ac5f637589fd11fc38ca9a7422ae9
  kind: proof_script
  invoked_by:
  - surface: ci_workflow
    reference: .github/workflows/vds-enforce.yml job:enforce step:Proofs
    blocking: true
  - surface: package_script
    reference: make gates
    blocking: true
  proves:
  - contrast
  failing_direction_test:
    path: crates/vds-proof/src/contrast.rs
    test_name: contrast_fails_on_a_boundary_below_its_floor_in_one_theme
    seeds: a boundary that clears its floor in one theme and falls below it in another
  pinned_at: 2026-07-25T17:10:40Z
  pinned_by: jellytot
  supersedes_digest: sha256:cb7d188e20124fba772d9a5f84a77d4d1d00fa6e62fce376c2da3006b81f66a5
  relock_rationale: 'Adversarial review found all three new gates unsound; four criticals and five highs are closed. contrast: unclassified_palette_scopes returned empty on a sheet with no :root, so R6 was structurally dead and a palette nothing measured passed at exit 0 (the founding defect through the gate written to catch it); the redactor covered three of six realisation shapes and redacted only a colour function''s head; two findings named the default stylesheet rather than the one read. parity: an extends/intersection props type reported a SUBSET as complete, so R6 fired on inherited props or credited the row as enforced. token_pin: the redaction screen closed hex and left base64 open, the locator was never screened, the evidence digest was keyed on pin.id (which carries generated_at), coverage was reported before the currency check, and Store::read_pins never refused an unreadable entry.'
- path: crates/vds-proof/src/geometry.rs
  digest: sha256:00dbe1f2f6f8381c1f4730d6deb6b380f54c69074150e36e8a7a34287eee34d1
  kind: proof_script
  invoked_by:
  - surface: ci_workflow
    reference: .github/workflows/vds-enforce.yml job:enforce step:Proofs
    blocking: true
  - surface: package_script
    reference: make gates
    blocking: true
  proves:
  - geometry
  failing_direction_test:
    path: crates/vds-proof/src/geometry.rs
    test_name: geometry_fails_when_the_bound_only_ever_held
    seeds: 'a bound that fell from 667 to 561 and then stood for 71 days against a 30-day window, over a reading it is otherwise comfortably under. The subscriber project''s own instrument, reproduced: R2 and R7 are both satisfied and the row still fails, because the direction is the rule. A seed that merely put the count over the bound would have proven a threshold, which a ratchet already had.'
  pinned_at: 2026-07-31T19:03:48Z
  pinned_by: jellytot
  supersedes_digest: sha256:464a29843dd1755a927feff4cb7fa1dce021cad6dab470393d096086a938da31
  relock_rationale: 'Implement [2026] VJS-CC-VIBE-DESIGN-SYSTEM 3: ReadFrom gains design_file (not shipped), and geometry R5 refuses it for its OWN reason - a different subject, never code_model drift prose - with a test asserting both the refusal and that the forbidden wording is absent. Schema regenerated for the new variant.'
- path: crates/vds-proof/src/ledger_staleness.rs
  digest: sha256:ac8bcfe5bc40a170db00dcf26d360657616d2fc0ec398c08f4c6fa3b38d03cf2
  kind: proof_script
  invoked_by:
  - surface: ci_workflow
    reference: .github/workflows/vds-enforce.yml job:enforce step:Proofs
    blocking: true
  - surface: package_script
    reference: make gates
    blocking: true
  proves:
  - ledger_staleness
  failing_direction_test:
    path: crates/vds-proof/src/ledger_staleness.rs
    test_name: ledger_staleness_fails_on_a_stale_screens_ledger
    seeds: a screen edited after the ledger was generated
  pinned_at: 2026-07-31T18:18:07Z
  pinned_by: jellytot
  supersedes_digest: sha256:f46c8cd8d46e9118767da2a52fefc8e2d91aac1a485b0356da5285e3e3047758
  relock_rationale: 'ledger_staleness gains R6, a self-consistency arm for the CI run ledger (BREACH-0011 remedy): the parse and cross-total rules live once, on vds_core::types::ci::CiLedger, the same type vds ledger ci writes through. doctor.rs moved its test imports to that type after the CiLedger/WorkflowRuns definitions were consolidated out of vds-cli - the same two-copies defect the sibling VJS repo measured today ([2026] VJS-CC-VJS 12), fixed here before it bit.'
- path: crates/vds-proof/src/no_stored_values.rs
  digest: sha256:09d3675cb7df56e57e39fce8f1f76b7becdc4280c56725fe350bba6924574d85
  kind: proof_script
  invoked_by:
  - surface: ci_workflow
    reference: .github/workflows/vds-enforce.yml job:enforce step:Proofs
    blocking: true
  - surface: package_script
    reference: make gates
    blocking: true
  proves:
  - no_stored_values
  failing_direction_test:
    path: crates/vds-proof/src/no_stored_values.rs
    test_name: no_stored_values_fails_on_a_hex_colour_in_a_register_record
    seeds: a hex colour literal written into a register record
  pinned_at: 2026-07-25T17:10:40Z
  pinned_by: jellytot
  supersedes_digest: sha256:3436e78174fd5dceb6241756eb8fc8117cd52959595c7d825f81893085cf1fd5
  relock_rationale: 'Adversarial review found all three new gates unsound; four criticals and five highs are closed. contrast: unclassified_palette_scopes returned empty on a sheet with no :root, so R6 was structurally dead and a palette nothing measured passed at exit 0 (the founding defect through the gate written to catch it); the redactor covered three of six realisation shapes and redacted only a colour function''s head; two findings named the default stylesheet rather than the one read. parity: an extends/intersection props type reported a SUBSET as complete, so R6 fired on inherited props or credited the row as enforced. token_pin: the redaction screen closed hex and left base64 open, the locator was never screened, the evidence digest was keyed on pin.id (which carries generated_at), coverage was reported before the currency check, and Store::read_pins never refused an unreadable entry.'
- path: crates/vds-proof/src/parity.rs
  digest: sha256:82a48217eee317b1cee3389c2c26e4f3aeccb7fe1f1b6261874ff17b0b118862
  kind: proof_script
  invoked_by:
  - surface: ci_workflow
    reference: .github/workflows/vds-enforce.yml job:enforce step:Proofs
    blocking: true
  - surface: package_script
    reference: make gates
    blocking: true
  proves:
  - parity
  failing_direction_test:
    path: crates/vds-proof/src/parity.rs
    test_name: parity_fails_on_a_prop_the_component_accepts_that_no_contract_names
    seeds: a prop the component source exposes that no register record contracts, which is how a component drifts out from under its contract without anything being removed
  pinned_at: 2026-07-31T18:41:00Z
  pinned_by: jellytot
  supersedes_digest: sha256:b656d174c984045c103255bafd1a5c67b00464da8727f80a1b76aa1726ce8fe0
  relock_rationale: 'Formatting-only follow-up to the registry-arm re-pin: cargo fmt over the new arm and one clippy needless_borrow in its test helper. No behavioural byte: 72 parity tests and the 13-row generated project verdict are unchanged either side.'
- path: crates/vds-proof/src/preimage.rs
  digest: sha256:fcfcab1fcbed2616823fa040d824fa45819ae9f28a4745a39b345f9099d7d720
  kind: proof_script
  invoked_by:
  - surface: ci_workflow
    reference: .github/workflows/vds-enforce.yml job:enforce step:Proofs
    blocking: true
  - surface: package_script
    reference: make gates
    blocking: true
  proves:
  - no_stored_values
  failing_direction_test:
    path: crates/vds-proof/src/preimage.rs
    test_name: the_recovery_that_broke_the_first_pin_is_the_recovery_this_gate_runs
    seeds: the sha256 of a hex colour, a length, a duration, an easing keyword and a generic font family, each of which must be recovered from its digest, alongside fifteen digests VDS writes itself which must not be
  pinned_at: 2026-07-25T14:57:58Z
  pinned_by: jellytot
  supersedes_digest: sha256:0000000000000000000000000000000000000000000000000000000000000000
  relock_rationale: 'R10: the preimage limb of VDS S-2(8) limb 2 is now discharged. no_stored_values.rs gains rule R10 and a rewritten PREIMAGE_NOTE; crates/vds-proof/src/preimage.rs is a new gate and is pinned for the first time, since the logic deciding what counts as a recovered design value lives there and an unwitnessed gate can be weakened without tripping a finding. Recorded at .vds/logs/decisions/DECISION-0003.yaml (VDS S-8(4), S-12(3)).'
- path: crates/vds-proof/src/reconciliation.rs
  digest: sha256:a4fbe2b1ae98fe9209454816492fe8cfe54b53544bb73a6db94b2b03276ef566
  kind: proof_script
  invoked_by:
  - surface: ci_workflow
    reference: .github/workflows/vds-enforce.yml job:enforce step:Proofs
    blocking: true
  - surface: package_script
    reference: make gates
    blocking: true
  proves:
  - reconciliation
  failing_direction_test:
    path: crates/vds-proof/src/reconciliation.rs
    test_name: reconciliation_fails_on_a_library_file_with_no_register_entry
    seeds: a component file in a governed library directory that no register record names
  pinned_at: 2026-07-30T13:57:10Z
  pinned_by: jellytot
  supersedes_digest: sha256:41310adbc73c2d0cff2a649ecd96dfa4b6057a29dbe51e653f9d6e0a18b602b3
  relock_rationale: Five gates edited in commits 1260462 and eb9313d shipped without a re-pin; self-filed as BREACH-0003. The edits are the vds-scan JSX generic fix and the retirement/collision proof work, both tested (674 workspace tests green). Re-pinning to the reviewed bytes so the lock binds what is actually in the tree.
- path: crates/vds-proof/src/register_completeness.rs
  digest: sha256:8213cdbcaf6a491c2b16dc8fdb263e27985abc6fe49431fbd8cf7a295cc866d4
  kind: proof_script
  invoked_by:
  - surface: ci_workflow
    reference: .github/workflows/vds-enforce.yml job:enforce step:Proofs
    blocking: true
  - surface: package_script
    reference: make gates
    blocking: true
  proves:
  - register_completeness
  failing_direction_test:
    path: crates/vds-proof/src/register_completeness.rs
    test_name: register_completeness_fails_on_a_component_absent_from_the_register
    seeds: a screen referencing a component absent from the register
  pinned_at: 2026-07-25T13:58:22Z
  pinned_by: jellytot
- path: crates/vds-proof/src/retirement_drain.rs
  digest: sha256:7acb93f167f73a0d026b3cce96c286c2bc4e2bc68768c36ecb8ef24f69f24af4
  kind: proof_script
  invoked_by:
  - surface: ci_workflow
    reference: .github/workflows/vds-enforce.yml job:enforce step:Proofs
    blocking: true
  - surface: package_script
    reference: make gates
    blocking: true
  proves:
  - retirement_drain
  failing_direction_test:
    path: crates/vds-proof/src/retirement_drain.rs
    test_name: retirement_drain_fails_on_a_remaining_consumer
    seeds: a deprecated component still rendered by a route
  pinned_at: 2026-07-25T13:58:22Z
  pinned_by: jellytot
- path: crates/vds-proof/src/screen_parity.rs
  digest: sha256:2aa81b074e90449f71ece63c466bb83580265bf65e6f1ce40aa01ea85ecb04c0
  kind: proof_script
  invoked_by:
  - surface: ci_workflow
    reference: .github/workflows/vds-enforce.yml job:enforce step:Proofs
    blocking: true
  - surface: package_script
    reference: make gates
    blocking: true
  proves:
  - screen_parity
  failing_direction_test:
    path: crates/vds-proof/src/screen_parity.rs
    test_name: screen_parity_fails_on_a_screen_with_a_column_its_frame_does_not_draw
    seeds: a screen requiring three content columns whose authoritative frame draws two, with every component on it registered
  pinned_at: 2026-07-30T16:38:22Z
  pinned_by: jellytot
  supersedes_digest: sha256:9edc31840d63b2bbb25e4ee44b717c4e0df90d3ccccbe2575cec90f3da814c58
  relock_rationale: 'Pinned before the lint pass. The only change to the gate since is Coverage::line''s percentage, which computed scored*100/total behind a manual zero check and now uses checked_div. The behaviour is identical, including the deliberate choice that a run over zero screens reports 0% rather than 100%: nothing was there to score is not everything was scored.'
- path: crates/vds-proof/src/states.rs
  digest: sha256:ea03399e412866c99fa577ddc7dea8238ec393697bcf109e92cde079621fcb22
  kind: proof_script
  invoked_by:
  - surface: ci_workflow
    reference: .github/workflows/vds-enforce.yml job:enforce step:Proofs
    blocking: true
  - surface: package_script
    reference: make gates
    blocking: true
  proves:
  - states
  failing_direction_test:
    path: crates/vds-proof/src/states.rs
    test_name: states_fails_on_a_required_state_that_is_not_drawn
    seeds: a registered component with a required state that is not drawn
  pinned_at: 2026-07-30T13:57:10Z
  pinned_by: jellytot
  supersedes_digest: sha256:d6943a67433170577546ae3b18e607b51ed3cab32d96b3a46dad27b6f5000ee9
  relock_rationale: Five gates edited in commits 1260462 and eb9313d shipped without a re-pin; self-filed as BREACH-0003. The edits are the vds-scan JSX generic fix and the retirement/collision proof work, both tested (674 workspace tests green). Re-pinning to the reviewed bytes so the lock binds what is actually in the tree.
- path: crates/vds-proof/src/token_pin.rs
  digest: sha256:54c2b103109fcba5eac3eee0933b8207421faee10a29058d2c1d58ad88df39e9
  kind: proof_script
  invoked_by:
  - surface: ci_workflow
    reference: .github/workflows/vds-enforce.yml job:enforce step:Proofs
    blocking: true
  - surface: package_script
    reference: make gates
    blocking: true
  proves:
  - token_pin
  failing_direction_test:
    path: crates/vds-proof/src/token_pin.rs
    test_name: token_pin_fails_on_a_row_the_pin_declares_aligned_that_does_not_agree
    seeds: a pin row the pin declares aligned whose two named records do not agree
  pinned_at: 2026-07-25T17:10:40Z
  pinned_by: jellytot
  supersedes_digest: sha256:6ab1121588fe85ac187c06962a7b03e553c86117d8145565e4f646cbeb3b4d61
  relock_rationale: 'Adversarial review found all three new gates unsound; four criticals and five highs are closed. contrast: unclassified_palette_scopes returned empty on a sheet with no :root, so R6 was structurally dead and a palette nothing measured passed at exit 0 (the founding defect through the gate written to catch it); the redactor covered three of six realisation shapes and redacted only a colour function''s head; two findings named the default stylesheet rather than the one read. parity: an extends/intersection props type reported a SUBSET as complete, so R6 fired on inherited props or credited the row as enforced. token_pin: the redaction screen closed hex and left base64 open, the locator was never screened, the evidence digest was keyed on pin.id (which carries generated_at), coverage was reported before the currency check, and Store::read_pins never refused an unreadable entry.'
- path: crates/vds-scan/src/glob.rs
  digest: sha256:ab8189e8d4d8e56cfbf0a4eca9d738b3c13438ae190ad6179e057368ceea40d3
  kind: ledger_generator
  invoked_by:
  - surface: ci_workflow
    reference: .github/workflows/vds-enforce.yml job:enforce step:Regenerate the declared surface
    blocking: true
  proves:
  - ledger_staleness
  failing_direction_test:
    path: crates/vds-scan/src/glob.rs
    test_name: a_pattern_this_matcher_cannot_read_is_refused
    seeds: a brace or character-class glob the matcher does not implement and must refuse rather than half-match
  pinned_at: 2026-07-25T14:28:57Z
  pinned_by: jellytot
- path: crates/vds-scan/src/jsx.rs
  digest: sha256:56796729f76f74061c49ac7bc1df68a2177955c8ce4e72702be76826828247d7
  kind: ledger_generator
  invoked_by:
  - surface: ci_workflow
    reference: .github/workflows/vds-enforce.yml job:enforce step:Regenerate the declared surface
    blocking: true
  proves:
  - ledger_staleness
  failing_direction_test:
    path: crates/vds-scan/src/jsx.rs
    test_name: a_generic_type_argument_is_not_a_tag
    seeds: a TypeScript generic argument that the scanner must not count as a component reference
  pinned_at: 2026-07-30T13:57:10Z
  pinned_by: jellytot
  supersedes_digest: sha256:6b4c0ee4c5707cab80ea38d023cf5185ed2e0446798912fe2f8a4bc766ecc17a
  relock_rationale: Five gates edited in commits 1260462 and eb9313d shipped without a re-pin; self-filed as BREACH-0003. The edits are the vds-scan JSX generic fix and the retirement/collision proof work, both tested (674 workspace tests green). Re-pinning to the reviewed bytes so the lock binds what is actually in the tree.
- path: crates/vds-scan/src/lib.rs
  digest: sha256:2de8814f1d70d035042653b874b58e689578c6819d17e779789ea0d5be81587c
  kind: ledger_generator
  invoked_by:
  - surface: ci_workflow
    reference: .github/workflows/vds-enforce.yml job:enforce step:Regenerate the declared surface
    blocking: true
  proves:
  - ledger_staleness
  failing_direction_test:
    path: crates/vds-scan/src/lib.rs
    test_name: a_hand_edited_ledger_is_refused_even_though_its_sources_are_untouched
    seeds: a ledger row deleted by hand while its source files are untouched
  pinned_at: 2026-07-31T10:22:00Z
  pinned_by: jellytot
  supersedes_digest: sha256:6ab81f88013c57a0c1d757f87e1336720d846f279cee0bc272f8228466181828
  relock_rationale: Five gates edited in commits 1260462 and eb9313d shipped without a re-pin; self-filed as BREACH-0003. The edits are the vds-scan JSX generic fix and the retirement/collision proof work, both tested (674 workspace tests green). Re-pinning to the reviewed bytes so the lock binds what is actually in the tree.
- path: crates/vds-store/src/lock.rs
  digest: sha256:6bb701818ded3751f3687f1d85823e8375b8867e85af248e53d21f407f47ef55
  kind: config
  invoked_by:
  - surface: ci_workflow
    reference: .github/workflows/vds-enforce.yml job:enforce step:Enforcement lock
    blocking: true
  proves:
  - no_stored_values
  failing_direction_test:
    path: crates/vds-store/src/lock.rs
    test_name: editing_a_pinned_gate_trips_a_fatal_drift_finding
    seeds: a pinned gate edited after it was pinned
  pinned_at: 2026-07-31T18:49:53Z
  pinned_by: jellytot
  supersedes_digest: sha256:7349412e777127171b823bcaadb19e6b8e8266d1ac8d82efa8baec1f67a46c1e
  relock_rationale: cargo fmt over the subscriber-seat additions plus the two provenance:None initialisers clippy required in test fixtures. No behavioural change; the seat test and 72 parity tests pass either side.
- path: scripts/githooks/pre-push
  digest: sha256:229b6ddcc7bcfaf7fd48363e216510a0a1f4461d6f606b68384e76b99da321cf
  kind: hook
  invoked_by:
  - surface: githook_pre_push
    reference: git push
    blocking: true
  proves: []
  failing_direction_test:
    path: crates/vds-cli/src/lock.rs
    test_name: the_committed_pre_push_hook_runs_the_full_check_set
    seeds: the hook narrowed from `make check` to `make test`, so it still exits non-zero on a failing test while silently no longer running any gate
  pinned_at: 2026-07-31T09:23:43Z
  pinned_by: jellytot
- path: site-factory/block-graph.js
  digest: sha256:050163fa3777c684402752f49c04ed65c8faf7cd11b273f0e2a83640e769823f
  kind: hook
  invoked_by:
  - surface: ci_workflow
    reference: .github/workflows/vds-enforce.yml job:enforce step:site-factory gate
    blocking: true
  proves: []
  failing_direction_test:
    path: site-factory/tests/skills.test.js
    test_name: no block composes itself, directly or through another
    seeds: a block that requires itself, and a two-block cycle, each asserted to be found exactly once
  pinned_at: 2026-07-31T17:13:00Z
  pinned_by: jellytot
- path: site-factory/figma-golden.js
  digest: sha256:445a97bc7509bf677eee15bebca34664b07a422d860d0ff3188e6ce6572e9468
  kind: hook
  invoked_by:
  - surface: ci_workflow
    reference: .github/workflows/vds-enforce.yml job:enforce step:site-factory gate
    blocking: true
  proves: []
  failing_direction_test:
    path: site-factory/tests/skills.test.js
    test_name: the emitted Figma script matches its committed golden bytes
    seeds: a real edit to figma-draw.js with data inputs unchanged, and a data-only change, each classified separately
  pinned_at: 2026-07-31T17:13:00Z
  pinned_by: jellytot
- path: site-factory/tests/floors.js
  digest: sha256:2cb5d5afc63a1a13fb4e735afa82efc468e372ab3efcea1a487fcfcd1993cf83
  kind: hook
  invoked_by:
  - surface: ci_workflow
    reference: .github/workflows/vds-enforce.yml job:enforce step:site-factory gate
    blocking: true
  proves: []
  failing_direction_test:
    path: site-factory/tests/skills.test.js
    test_name: every declared site-factory gate is pinned, at its current digest
    seeds: MIN_TESTS lowered without a re-pin, so deleting tests stops being detectable by the count
  pinned_at: 2026-07-31T17:13:04Z
  pinned_by: jellytot
  supersedes_digest: sha256:c346e6f192905659410fd92a45a8a05dffe98927e93b0d60f30fc2f2f3c8c98e
  relock_rationale: 'floors.js gains two gate-surface entries: block-graph.js (the composition-cycle check) and figma-golden.js (the golden over the script that redraws the live Figma library), and MIN_TESTS rises 118 -> 119 for the golden test.'
- path: site-factory/tests/gate.js
  digest: sha256:89e019eb675d8ed565de16940252769ed5829f5482568ddadcb5d9bb5f9e75e9
  kind: hook
  invoked_by:
  - surface: ci_workflow
    reference: .github/workflows/vds-enforce.yml job:enforce step:site-factory gate
    blocking: true
  proves: []
  failing_direction_test:
    path: site-factory/tests/skills.test.js
    test_name: every declared site-factory gate is pinned, at its current digest
    seeds: MIN_FILES lowered so the runner reports a pass over a suite that has lost files
  pinned_at: 2026-07-31T13:26:04Z
  pinned_by: jellytot
- path: site-factory/token-reach.js
  digest: sha256:ef972edd227d182d6c86e2f87332f59d0226c29e87501b4f9ae48528863acb93
  kind: hook
  invoked_by:
  - surface: ci_workflow
    reference: .github/workflows/vds-enforce.yml job:enforce step:site-factory gate
    blocking: true
  proves: []
  failing_direction_test:
    path: site-factory/tests/skills.test.js
    test_name: token-reach finds both directions
    seeds: an emitted token nothing reads, and a var() nothing declares
  pinned_at: 2026-07-31T13:26:16Z
  pinned_by: jellytot
